// !$*UTF8*$!
{
	archiveVersion = 1;
	classes = {
	};
	objectVersion = 56;
	objects = {

/* Begin PBXBuildFile section */
		1D8F1FDC2BF31C3B00A120A1 /* AppDelegate.swift in Sources */ = {isa = PBXBuildFile; fileRef = 1D8F1FDB2BF31C3B00A120A1 /* AppDelegate.swift */; };
		1D8F1FDE2BF31C3B00A120A1 /* SceneDelegate.swift in Sources */ = {isa = PBXBuildFile; fileRef = 1D8F1FDD2BF31C3B00A120A1 /* SceneDelegate.swift */; };
		1D8F1FE02BF31C3B00A120A1 /* ViewController.swift in Sources */ = {isa = PBXBuildFile; fileRef = 1D8F1FDF2BF31C3B00A120A1 /* ViewController.swift */; };
		1D8F1FE32BF31C3B00A120A1 /* Main.storyboard in Resources */ = {isa = PBXBuildFile; fileRef = 1D8F1FE12BF31C3B00A120A1 /* Main.storyboard */; };
		1D8F1FE52BF31C3C00A120A1 /* Assets.xcassets in Resources */ = {isa = PBXBuildFile; fileRef = 1D8F1FE42BF31C3C00A120A1 /* Assets.xcassets */; };
		1D8F1FE82BF31C3C00A120A1 /* LaunchScreen.storyboard in Resources */ = {isa = PBXBuildFile; fileRef = 1D8F1FE62BF31C3C00A120A1 /* LaunchScreen.storyboard */; };
		1D8F1FF32BF31C3C00A120A1 /* OLiveYoung_CloneTests.swift in Sources */ = {isa = PBXBuildFile; fileRef = 1D8F1FF22BF31C3C00A120A1 /* OLiveYoung_CloneTests.swift */; };
		1D8F1FFD2BF31C3C00A120A1 /* OLiveYoung_CloneUITests.swift in Sources */ = {isa = PBXBuildFile; fileRef = 1D8F1FFC2BF31C3C00A120A1 /* OLiveYoung_CloneUITests.swift */; };
		1D8F1FFF2BF31C3C00A120A1 /* OLiveYoung_CloneUITestsLaunchTests.swift in Sources */ = {isa = PBXBuildFile; fileRef = 1D8F1FFE2BF31C3C00A120A1 /* OLiveYoung_CloneUITestsLaunchTests.swift */; };
/* End PBXBuildFile section */

/* Begin PBXContainerItemProxy section */
		1D8F1FEF2BF31C3C00A120A1 /* PBXContainerItemProxy */ = {
			isa = PBXContainerItemProxy;
			containerPortal = 1D8F1FD02BF31C3B00A120A1 /* Project object */;
			proxyType = 1;
			remoteGlobalIDString = 1D8F1FD72BF31C3B00A120A1;
			remoteInfo = OLiveYoung_Clone;
		};
		1D8F1FF92BF31C3C00A120A1 /* PBXContainerItemProxy */ = {
			isa = PBXContainerItemProxy;
			containerPortal = 1D8F1FD02BF31C3B00A120A1 /* Project object */;
			proxyType = 1;
			remoteGlobalIDString = 1D8F1FD72BF31C3B00A120A1;
			remoteInfo = OLiveYoung_Clone;
		};
/* End PBXContainerItemProxy section */

/* Begin PBXFileReference section */
		1D8F1FD82BF31C3B00A120A1 /* OLiveYoung_Clone.app */ = {isa = PBXFileReference; explicitFileType = wrapper.application; includeInIndex = 0; path = OLiveYoung_Clone.app; sourceTree = BUILT_PRODUCTS_DIR; };
		1D8F1FDB2BF31C3B00A120A1 /* AppDelegate.swift */ = {isa = PBXFileReference; lastKnownFileType = sourcecode.swift; path = AppDelegate.swift; sourceTree = "<group>"; };
		1D8F1FDD2BF31C3B00A120A1 /* SceneDelegate.swift */ = {isa = PBXFileReference; lastKnownFileType = sourcecode.swift; path = SceneDelegate.swift; sourceTree = "<group>"; };
		1D8F1FDF2BF31C3B00A120A1 /* ViewController.swift */ = {isa = PBXFileReference; lastKnownFileType = sourcecode.swift; path = ViewController.swift; sourceTree = "<group>"; };
		1D8F1FE22BF31C3B00A120A1 /* Base */ = {isa = PBXFileReference; lastKnownFileType = file.storyboard; name = Base; path = Base.lproj/Main.storyboard; sourceTree = "<group>"; };
		1D8F1FE42BF31C3C00A120A1 /* Assets.xcassets */ = {isa = PBXFileReference; lastKnownFileType = folder.assetcatalog; path = Assets.xcassets; sourceTree = "<group>"; };
		1D8F1FE72BF31C3C00A120A1 /* Base */ = {isa = PBXFileReference; lastKnownFileType = file.storyboard; name = Base; path = Base.lproj/LaunchScreen.storyboard; sourceTree = "<group>"; };
		1D8F1FE92BF31C3C00A120A1 /* Info.plist */ = {isa = PBXFileReference; lastKnownFileType = text.plist.xml; path = Info.plist; sourceTree = "<group>"; };
		1D8F1FEE2BF31C3C00A120A1 /* OLiveYoung_CloneTests.xctest */ = {isa = PBXFileReference; explicitFileType = wrapper.cfbundle; includeInIndex = 0; path = OLiveYoung_CloneTests.xctest; sourceTree = BUILT_PRODUCTS_DIR; };
		1D8F1FF22BF31C3C00A120A1 /* OLiveYoung_CloneTests.swift */ = {isa = PBXFileReference; lastKnownFileType = sourcecode.swift; path = OLiveYoung_CloneTests.swift; sourceTree = "<group>"; };
		1D8F1FF82BF31C3C00A120A1 /* OLiveYoung_CloneUITests.xctest */ = {isa = PBXFileReference; explicitFileType = wrapper.cfbundle; includeInIndex = 0; path = OLiveYoung_CloneUITests.xctest; sourceTree = BUILT_PRODUCTS_DIR; };
		1D8F1FFC2BF31C3C00A120A1 /* OLiveYoung_CloneUITests.swift */ = {isa = PBXFileReference; lastKnownFileType = sourcecode.swift; path = OLiveYoung_CloneUITests.swift; sourceTree = "<group>"; };
		1D8F1FFE2BF31C3C00A120A1 /* OLiveYoung_CloneUITestsLaunchTests.swift */ = {isa = PBXFileReference; lastKnownFileType = sourcecode.swift; path = OLiveYoung_CloneUITestsLaunchTests.swift; sourceTree = "<group>"; };
/* End PBXFileReference section */

/* Begin PBXFrameworksBuildPhase section */
		1D8F1FD52BF31C3B00A120A1 /* Frameworks */ = {
			isa = PBXFrameworksBuildPhase;
			buildActionMask = 2147483647;
			files = (
			);
			runOnlyForDeploymentPostprocessing = 0;
		};
		1D8F1FEB2BF31C3C00A120A1 /* Frameworks */ = {
			isa = PBXFrameworksBuildPhase;
			buildActionMask = 2147483647;
			files = (
			);
			runOnlyForDeploymentPostprocessing = 0;
		};
		1D8F1FF52BF31C3C00A120A1 /* Frameworks */ = {
			isa = PBXFrameworksBuildPhase;
			buildActionMask = 2147483647;
			files = (
			);
			runOnlyForDeploymentPostprocessing = 0;
		};
/* End PBXFrameworksBuildPhase section */

/* Begin PBXGroup section */
		1D8F1FCF2BF31C3B00A120A1 = {
			isa = PBXGroup;
			children = (
				1D8F1FDA2BF31C3B00A120A1 /* OLiveYoung_Clone */,
				1D8F1FF12BF31C3C00A120A1 /* OLiveYoung_CloneTests */,
				1D8F1FFB2BF31C3C00A120A1 /* OLiveYoung_CloneUITests */,
				1D8F1FD92BF31C3B00A120A1 /* Products */,
			);
			sourceTree = "<group>";
		};
		1D8F1FD92BF31C3B00A120A1 /* Products */ = {
			isa = PBXGroup;
			children = (
				1D8F1FD82BF31C3B00A120A1 /* OLiveYoung_Clone.app */,
				1D8F1FEE2BF31C3C00A120A1 /* OLiveYoung_CloneTests.xctest */,
				1D8F1FF82BF31C3C00A120A1 /* OLiveYoung_CloneUITests.xctest */,
			);
			name = Products;
			sourceTree = "<group>";
		};
		1D8F1FDA2BF31C3B00A120A1 /* OLiveYoung_Clone */ = {
			isa = PBXGroup;
			children = (
				1D8F1FDB2BF31C3B00A120A1 /* AppDelegate.swift */,
				1D8F1FDD2BF31C3B00A120A1 /* SceneDelegate.swift */,
				1D8F1FDF2BF31C3B00A120A1 /* ViewController.swift */,
				1D8F1FE12BF31C3B00A120A1 /* Main.storyboard */,
				1D8F1FE42BF31C3C00A120A1 /* Assets.xcassets */,
				1D8F1FE62BF31C3C00A120A1 /* LaunchScreen.storyboard */,
				1D8F1FE92BF31C3C00A120A1 /* Info.plist */,
			);
			path = OLiveYoung_Clone;
			sourceTree = "<group>";
		};
		1D8F1FF12BF31C3C00A120A1 /* OLiveYoung_CloneTests */ = {
			isa = PBXGroup;
			children = (
				1D8F1FF22BF31C3C00A120A1 /* OLiveYoung_CloneTests.swift */,
			);
			path = OLiveYoung_CloneTests;
			sourceTree = "<group>";
		};
		1D8F1FFB2BF31C3C00A120A1 /* OLiveYoung_CloneUITests */ = {
			isa = PBXGroup;
			children = (
				1D8F1FFC2BF31C3C00A120A1 /* OLiveYoung_CloneUITests.swift */,
				1D8F1FFE2BF31C3C00A120A1 /* OLiveYoung_CloneUITestsLaunchTests.swift */,
			);
			path = OLiveYoung_CloneUITests;
			sourceTree = "<group>";
		};
/* End PBXGroup section */

/* Begin PBXNativeTarget section */
		1D8F1FD72BF31C3B00A120A1 /* OLiveYoung_Clone */ = {
			isa = PBXNativeTarget;
			buildConfigurationList = 1D8F20022BF31C3C00A120A1 /* Build configuration list for PBXNativeTarget "OLiveYoung_Clone" */;
			buildPhases = (
				1D8F1FD42BF31C3B00A120A1 /* Sources */,
				1D8F1FD52BF31C3B00A120A1 /* Frameworks */,
				1D8F1FD62BF31C3B00A120A1 /* Resources */,
			);
			buildRules = (
			);
			dependencies = (
			);
			name = OLiveYoung_Clone;
			productName = OLiveYoung_Clone;
			productReference = 1D8F1FD82BF31C3B00A120A1 /* OLiveYoung_Clone.app */;
			productType = "com.apple.product-type.application";
		};
		1D8F1FED2BF31C3C00A120A1 /* OLiveYoung_CloneTests */ = {
			isa = PBXNativeTarget;
			buildConfigurationList = 1D8F20052BF31C3C00A120A1 /* Build configuration list for PBXNativeTarget "OLiveYoung_CloneTests" */;
			buildPhases = (
				1D8F1FEA2BF31C3C00A120A1 /* Sources */,
				1D8F1FEB2BF31C3C00A120A1 /* Frameworks */,
				1D8F1FEC2BF31C3C00A120A1 /* Resources */,
			);
			buildRules = (
			);
			dependencies = (
				1D8F1FF02BF31C3C00A120A1 /* PBXTargetDependency */,
			);
			name = OLiveYoung_CloneTests;
			productName = OLiveYoung_CloneTests;
			productReference = 1D8F1FEE2BF31C3C00A120A1 /* OLiveYoung_CloneTests.xctest */;
			productType = "com.apple.product-type.bundle.unit-test";
		};
		1D8F1FF72BF31C3C00A120A1 /* OLiveYoung_CloneUITests */ = {
			isa = PBXNativeTarget;
			buildConfigurationList = 1D8F20082BF31C3C00A120A1 /* Build configuration list for PBXNativeTarget "OLiveYoung_CloneUITests" */;
			buildPhases = (
				1D8F1FF42BF31C3C00A120A1 /* Sources */,
				1D8F1FF52BF31C3C00A120A1 /* Frameworks */,
				1D8F1FF62BF31C3C00A120A1 /* Resources */,
			);
			buildRules = (
			);
			dependencies = (
				1D8F1FFA2BF31C3C00A120A1 /* PBXTargetDependency */,
			);
			name = OLiveYoung_CloneUITests;
			productName = OLiveYoung_CloneUITests;
			productReference = 1D8F1FF82BF31C3C00A120A1 /* OLiveYoung_CloneUITests.xctest */;
			productType = "com.apple.product-type.bundle.ui-testing";
		};
/* End PBXNativeTarget section */

/* Begin PBXProject section */
		1D8F1FD02BF31C3B00A120A1 /* Project object */ = {
			isa = PBXProject;
			attributes = {
				BuildIndependentTargetsInParallel = 1;
				LastSwiftUpdateCheck = 1510;
				LastUpgradeCheck = 1510;
				TargetAttributes = {
					1D8F1FD72BF31C3B00A120A1 = {
						CreatedOnToolsVersion = 15.1;
					};
					1D8F1FED2BF31C3C00A120A1 = {
						CreatedOnToolsVersion = 15.1;
						TestTargetID = 1D8F1FD72BF31C3B00A120A1;
					};
					1D8F1FF72BF31C3C00A120A1 = {
						CreatedOnToolsVersion = 15.1;
						TestTargetID = 1D8F1FD72BF31C3B00A120A1;
					};
				};
			};
			buildConfigurationList = 1D8F1FD32BF31C3B00A120A1 /* Build configuration list for PBXProject "OLiveYoung_Clone" */;
			compatibilityVersion = "Xcode 14.0";
			developmentRegion = en;
			hasScannedForEncodings = 0;
			knownRegions = (
				en,
				Base,
			);
			mainGroup = 1D8F1FCF2BF31C3B00A120A1;
			productRefGroup = 1D8F1FD92BF31C3B00A120A1 /* Products */;
			projectDirPath = "";
			projectRoot = "";
			targets = (
				1D8F1FD72BF31C3B00A120A1 /* OLiveYoung_Clone */,
				1D8F1FED2BF31C3C00A120A1 /* OLiveYoung_CloneTests */,
				1D8F1FF72BF31C3C00A120A1 /* OLiveYoung_CloneUITests */,
			);
		};
/* End PBXProject section */

/* Begin PBXResourcesBuildPhase section */
		1D8F1FD62BF31C3B00A120A1 /* Resources */ = {
			isa = PBXResourcesBuildPhase;
			buildActionMask = 2147483647;
			files = (
				1D8F1FE82BF31C3C00A120A1 /* LaunchScreen.storyboard in Resources */,
				1D8F1FE52BF31C3C00A120A1 /* Assets.xcassets in Resources */,
				1D8F1FE32BF31C3B00A120A1 /* Main.storyboard in Resources */,
			);
			runOnlyForDeploymentPostprocessing = 0;
		};
		1D8F1FEC2BF31C3C00A120A1 /* Resources */ = {
			isa = PBXResourcesBuildPhase;
			buildActionMask = 2147483647;
			files = (
			);
			runOnlyForDeploymentPostprocessing = 0;
		};
		1D8F1FF62BF31C3C00A120A1 /* Resources */ = {
			isa = PBXResourcesBuildPhase;
			buildActionMask = 2147483647;
			files = (
			);
			runOnlyForDeploymentPostprocessing = 0;
		};
/* End PBXResourcesBuildPhase section */

/* Begin PBXSourcesBuildPhase section */
		1D8F1FD42BF31C3B00A120A1 /* Sources */ = {
			isa = PBXSourcesBuildPhase;
			buildActionMask = 2147483647;
			files = (
				1D8F1FE02BF31C3B00A120A1 /* ViewController.swift in Sources */,
				1D8F1FDC2BF31C3B00A120A1 /* AppDelegate.swift in Sources */,
				1D8F1FDE2BF31C3B00A120A1 /* SceneDelegate.swift in Sources */,
			);
			runOnlyForDeploymentPostprocessing = 0;
		};
		1D8F1FEA2BF31C3C00A120A1 /* Sources */ = {
			isa = PBXSourcesBuildPhase;
			buildActionMask = 2147483647;
			files = (
				1D8F1FF32BF31C3C00A120A1 /* OLiveYoung_CloneTests.swift in Sources */,
			);
			runOnlyForDeploymentPostprocessing = 0;
		};
		1D8F1FF42BF31C3C00A120A1 /* Sources */ = {
			isa = PBXSourcesBuildPhase;
			buildActionMask = 2147483647;
			files = (
				1D8F1FFD2BF31C3C00A120A1 /* OLiveYoung_CloneUITests.swift in Sources */,
				1D8F1FFF2BF31C3C00A120A1 /* OLiveYoung_CloneUITestsLaunchTests.swift in Sources */,
			);
			runOnlyForDeploymentPostprocessing = 0;
		};
/* End PBXSourcesBuildPhase section */

/* Begin PBXTargetDependency section */
		1D8F1FF02BF31C3C00A120A1 /* PBXTargetDependency */ = {
			isa = PBXTargetDependency;
			target = 1D8F1FD72BF31C3B00A120A1 /* OLiveYoung_Clone */;
			targetProxy = 1D8F1FEF2BF31C3C00A120A1 /* PBXContainerItemProxy */;
		};
		1D8F1FFA2BF31C3C00A120A1 /* PBXTargetDependency */ = {
			isa = PBXTargetDependency;
			target = 1D8F1FD72BF31C3B00A120A1 /* OLiveYoung_Clone */;
			targetProxy = 1D8F1FF92BF31C3C00A120A1 /* PBXContainerItemProxy */;
		};
/* End PBXTargetDependency section */

/* Begin PBXVariantGroup section */
		1D8F1FE12BF31C3B00A120A1 /* Main.storyboard */ = {
			isa = PBXVariantGroup;
			children = (
				1D8F1FE22BF31C3B00A120A1 /* Base */,
			);
			name = Main.storyboard;
			sourceTree = "<group>";
		};
		1D8F1FE62BF31C3C00A120A1 /* LaunchScreen.storyboard */ = {
			isa = PBXVariantGroup;
			children = (
				1D8F1FE72BF31C3C00A120A1 /* Base */,
			);
			name = LaunchScreen.storyboard;
			sourceTree = "<group>";
		};
/* End PBXVariantGroup section */

/* Begin XCBuildConfiguration section */
		1D8F20002BF31C3C00A120A1 /* Debug */ = {
			isa = XCBuildConfiguration;
			buildSettings = {
				ALWAYS_SEARCH_USER_PATHS = NO;
				ASSETCATALOG_COMPILER_GENERATE_SWIFT_ASSET_SYMBOL_EXTENSIONS = YES;
				CLANG_ANALYZER_NONNULL = YES;
				CLANG_ANALYZER_NUMBER_OBJECT_CONVERSION = YES_AGGRESSIVE;
				CLANG_CXX_LANGUAGE_STANDARD = "gnu++20";
				CLANG_ENABLE_MODULES = YES;
				CLANG_ENABLE_OBJC_ARC = YES;
				CLANG_ENABLE_OBJC_WEAK = YES;
				CLANG_WARN_BLOCK_CAPTURE_AUTORELEASING = YES;
				CLANG_WARN_BOOL_CONVERSION = YES;
				CLANG_WARN_COMMA = YES;
				CLANG_WARN_CONSTANT_CONVERSION = YES;
				CLANG_WARN_DEPRECATED_OBJC_IMPLEMENTATIONS = YES;
				CLANG_WARN_DIRECT_OBJC_ISA_USAGE = YES_ERROR;
				CLANG_WARN_DOCUMENTATION_COMMENTS = YES;
				CLANG_WARN_EMPTY_BODY = YES;
				CLANG_WARN_ENUM_CONVERSION = YES;
				CLANG_WARN_INFINITE_RECURSION = YES;
				CLANG_WARN_INT_CONVERSION = YES;
				CLANG_WARN_NON_LITERAL_NULL_CONVERSION = YES;
				CLANG_WARN_OBJC_IMPLICIT_RETAIN_SELF = YES;
				CLANG_WARN_OBJC_LITERAL_CONVERSION = YES;
				CLANG_WARN_OBJC_ROOT_CLASS = YES_ERROR;
				CLANG_WARN_QUOTED_INCLUDE_IN_FRAMEWORK_HEADER = YES;
				CLANG_WARN_RANGE_LOOP_ANALYSIS = YES;
				CLANG_WARN_STRICT_PROTOTYPES = YES;
				CLANG_WARN_SUSPICIOUS_MOVE = YES;
				CLANG_WARN_UNGUARDED_AVAILABILITY = YES_AGGRESSIVE;
				CLANG_WARN_UNREACHABLE_CODE = YES;
				CLANG_WARN__DUPLICATE_METHOD_MATCH = YES;
				COPY_PHASE_STRIP = NO;
				DEBUG_INFORMATION_FORMAT = dwarf;
				ENABLE_STRICT_OBJC_MSGSEND = YES;
				ENABLE_TESTABILITY = YES;
				ENABLE_USER_SCRIPT_SANDBOXING = YES;
				GCC_C_LANGUAGE_STANDARD = gnu17;
				GCC_DYNAMIC_NO_PIC = NO;
				GCC_NO_COMMON_BLOCKS = YES;
				GCC_OPTIMIZATION_LEVEL = 0;
				GCC_PREPROCESSOR_DEFINITIONS = (
					"DEBUG=1",
					"$(inherited)",
				);
				GCC_WARN_64_TO_32_BIT_CONVERSION = YES;
				GCC_WARN_ABOUT_RETURN_TYPE = YES_ERROR;
				GCC_WARN_UNDECLARED_SELECTOR = YES;
				GCC_WARN_UNINITIALIZED_AUTOS = YES_AGGRESSIVE;
				GCC_WARN_UNUSED_FUNCTION = YES;
				GCC_WARN_UNUSED_VARIABLE = YES;
				IPHONEOS_DEPLOYMENT_TARGET = 17.0;
				LOCALIZATION_PREFERS_STRING_CATALOGS = YES;
				MTL_ENABLE_DEBUG_INFO = INCLUDE_SOURCE;
				MTL_FAST_MATH = YES;
				ONLY_ACTIVE_ARCH = YES;
				SDKROOT = iphoneos;
				SWIFT_ACTIVE_COMPILATION_CONDITIONS = "DEBUG $(inherited)";
				SWIFT_OPTIMIZATION_LEVEL = "-Onone";
			};
			name = Debug;
		};
		1D8F20012BF31C3C00A120A1 /* Release */ = {
			isa = XCBuildConfiguration;
			buildSettings = {
				ALWAYS_SEARCH_USER_PATHS = NO;
				ASSETCATALOG_COMPILER_GENERATE_SWIFT_ASSET_SYMBOL_EXTENSIONS = YES;
				CLANG_ANALYZER_NONNULL = YES;
				CLANG_ANALYZER_NUMBER_OBJECT_CONVERSION = YES_AGGRESSIVE;
				CLANG_CXX_LANGUAGE_STANDARD = "gnu++20";
				CLANG_ENABLE_MODULES = YES;
				CLANG_ENABLE_OBJC_ARC = YES;
				CLANG_ENABLE_OBJC_WEAK = YES;
				CLANG_WARN_BLOCK_CAPTURE_AUTORELEASING = YES;
				CLANG_WARN_BOOL_CONVERSION = YES;
				CLANG_WARN_COMMA = YES;
				CLANG_WARN_CONSTANT_CONVERSION = YES;
				CLANG_WARN_DEPRECATED_OBJC_IMPLEMENTATIONS = YES;
				CLANG_WARN_DIRECT_OBJC_ISA_USAGE = YES_ERROR;
				CLANG_WARN_DOCUMENTATION_COMMENTS = YES;
				CLANG_WARN_EMPTY_BODY = YES;
				CLANG_WARN_ENUM_CONVERSION = YES;
				CLANG_WARN_INFINITE_RECURSION = YES;
				CLANG_WARN_INT_CONVERSION = YES;
				CLANG_WARN_NON_LITERAL_NULL_CONVERSION = YES;
				CLANG_WARN_OBJC_IMPLICIT_RETAIN_SELF = YES;
				CLANG_WARN_OBJC_LITERAL_CONVERSION = YES;
				CLANG_WARN_OBJC_ROOT_CLASS = YES_ERROR;
				CLANG_WARN_QUOTED_INCLUDE_IN_FRAMEWORK_HEADER = YES;
				CLANG_WARN_RANGE_LOOP_ANALYSIS = YES;
				CLANG_WARN_STRICT_PROTOTYPES = YES;
				CLANG_WARN_SUSPICIOUS_MOVE = YES;
				CLANG_WARN_UNGUARDED_AVAILABILITY = YES_AGGRESSIVE;
				CLANG_WARN_UNREACHABLE_CODE = YES;
				CLANG_WARN__DUPLICATE_METHOD_MATCH = YES;
				COPY_PHASE_STRIP = NO;
				DEBUG_INFORMATION_FORMAT = "dwarf-with-dsym";
				ENABLE_NS_ASSERTIONS = NO;
				ENABLE_STRICT_OBJC_MSGSEND = YES;
				ENABLE_USER_SCRIPT_SANDBOXING = YES;
				GCC_C_LANGUAGE_STANDARD = gnu17;
				GCC_NO_COMMON_BLOCKS = YES;
				GCC_WARN_64_TO_32_BIT_CONVERSION = YES;
				GCC_WARN_ABOUT_RETURN_TYPE = YES_ERROR;
				GCC_WARN_UNDECLARED_SELECTOR = YES;
				GCC_WARN_UNINITIALIZED_AUTOS = YES_AGGRESSIVE;
				GCC_WARN_UNUSED_FUNCTION = YES;
				GCC_WARN_UNUSED_VARIABLE = YES;
				IPHONEOS_DEPLOYMENT_TARGET = 17.0;
				LOCALIZATION_PREFERS_STRING_CATALOGS = YES;
				MTL_ENABLE_DEBUG_INFO = NO;
				MTL_FAST_MATH = YES;
				SDKROOT = iphoneos;
				SWIFT_COMPILATION_MODE = wholemodule;
				VALIDATE_PRODUCT = YES;
			};
			name = Release;
		};
		1D8F20032BF31C3C00A120A1 /* Debug */ = {
			isa = XCBuildConfiguration;
			buildSettings = {
				ASSETCATALOG_COMPILER_APPICON_NAME = AppIcon;
				ASSETCATALOG_COMPILER_GLOBAL_ACCENT_COLOR_NAME = AccentColor;
				CODE_SIGN_STYLE = Automatic;
				CURRENT_PROJECT_VERSION = 1;
				DEVELOPMENT_TEAM = QKT5DG2WP3;
				GENERATE_INFOPLIST_FILE = YES;
				INFOPLIST_FILE = OLiveYoung_Clone/Info.plist;
				INFOPLIST_KEY_UIApplicationSupportsIndirectInputEvents = YES;
				INFOPLIST_KEY_UILaunchStoryboardName = LaunchScreen;
				INFOPLIST_KEY_UIMainStoryboardFile = Main;
				INFOPLIST_KEY_UISupportedInterfaceOrientations_iPad = "UIInterfaceOrientationPortrait UIInterfaceOrientationPortraitUpsideDown UIInterfaceOrientationLandscapeLeft UIInterfaceOrientationLandscapeRight";
				INFOPLIST_KEY_UISupportedInterfaceOrientations_iPhone = "UIInterfaceOrientationPortrait UIInterfaceOrientationLandscapeLeft UIInterfaceOrientationLandscapeRight";
				LD_RUNPATH_SEARCH_PATHS = (
					"$(inherited)",
					"@executable_path/Frameworks",
				);
				MARKETING_VERSION = 1.0;
				PRODUCT_BUNDLE_IDENTIFIER = "com.sudang.OLiveYoung-Clone";
				PRODUCT_NAME = "$(TARGET_NAME)";
				SWIFT_EMIT_LOC_STRINGS = YES;
				SWIFT_VERSION = 5.0;
				TARGETED_DEVICE_FAMILY = "1,2";
			};
			name = Debug;
		};
		1D8F20042BF31C3C00A120A1 /* Release */ = {
			isa = XCBuildConfiguration;
			buildSettings = {
				ASSETCATALOG_COMPILER_APPICON_NAME = AppIcon;
				ASSETCATALOG_COMPILER_GLOBAL_ACCENT_COLOR_NAME = AccentColor;
				CODE_SIGN_STYLE = Automatic;
				CURRENT_PROJECT_VERSION = 1;
				DEVELOPMENT_TEAM = QKT5DG2WP3;
				GENERATE_INFOPLIST_FILE = YES;
				INFOPLIST_FILE = OLiveYoung_Clone/Info.plist;
				INFOPLIST_KEY_UIApplicationSupportsIndirectInputEvents = YES;
				INFOPLIST_KEY_UILaunchStoryboardName = LaunchScreen;
				INFOPLIST_KEY_UIMainStoryboardFile = Main;
				INFOPLIST_KEY_UISupportedInterfaceOrientations_iPad = "UIInterfaceOrientationPortrait UIInterfaceOrientationPortraitUpsideDown UIInterfaceOrientationLandscapeLeft UIInterfaceOrientationLandscapeRight";
				INFOPLIST_KEY_UISupportedInterfaceOrientations_iPhone = "UIInterfaceOrientationPortrait UIInterfaceOrientationLandscapeLeft UIInterfaceOrientationLandscapeRight";
				LD_RUNPATH_SEARCH_PATHS = (
					"$(inherited)",
					"@executable_path/Frameworks",
				);
				MARKETING_VERSION = 1.0;
				PRODUCT_BUNDLE_IDENTIFIER = "com.sudang.OLiveYoung-Clone";
				PRODUCT_NAME = "$(TARGET_NAME)";
				SWIFT_EMIT_LOC_STRINGS = YES;
				SWIFT_VERSION = 5.0;
				TARGETED_DEVICE_FAMILY = "1,2";
			};
			name = Release;
		};
		1D8F20062BF31C3C00A120A1 /* Debug */ = {
			isa = XCBuildConfiguration;
			buildSettings = {
				ALWAYS_EMBED_SWIFT_STANDARD_LIBRARIES = YES;
				BUNDLE_LOADER = "$(TEST_HOST)";
				CODE_SIGN_STYLE = Automatic;
				CURRENT_PROJECT_VERSION = 1;
				DEVELOPMENT_TEAM = QKT5DG2WP3;
				GENERATE_INFOPLIST_FILE = YES;
				IPHONEOS_DEPLOYMENT_TARGET = 17.0;
				MARKETING_VERSION = 1.0;
				PRODUCT_BUNDLE_IDENTIFIER = "com.sudang.OLiveYoung-CloneTests";
				PRODUCT_NAME = "$(TARGET_NAME)";
				SWIFT_EMIT_LOC_STRINGS = NO;
				SWIFT_VERSION = 5.0;
				TARGETED_DEVICE_FAMILY = "1,2";
				TEST_HOST = "$(BUILT_PRODUCTS_DIR)/OLiveYoung_Clone.app/$(BUNDLE_EXECUTABLE_FOLDER_PATH)/OLiveYoung_Clone";
			};
			name = Debug;
		};
		1D8F20072BF31C3C00A120A1 /* Release */ = {
			isa = XCBuildConfiguration;
			buildSettings = {
				ALWAYS_EMBED_SWIFT_STANDARD_LIBRARIES = YES;
				BUNDLE_LOADER = "$(TEST_HOST)";
				CODE_SIGN_STYLE = Automatic;
				CURRENT_PROJECT_VERSION = 1;
				DEVELOPMENT_TEAM = QKT5DG2WP3;
				GENERATE_INFOPLIST_FILE = YES;
				IPHONEOS_DEPLOYMENT_TARGET = 17.0;
				MARKETING_VERSION = 1.0;
				PRODUCT_BUNDLE_IDENTIFIER = "com.sudang.OLiveYoung-CloneTests";
				PRODUCT_NAME = "$(TARGET_NAME)";
				SWIFT_EMIT_LOC_STRINGS = NO;
				SWIFT_VERSION = 5.0;
				TARGETED_DEVICE_FAMILY = "1,2";
				TEST_HOST = "$(BUILT_PRODUCTS_DIR)/OLiveYoung_Clone.app/$(BUNDLE_EXECUTABLE_FOLDER_PATH)/OLiveYoung_Clone";
			};
			name = Release;
		};
		1D8F20092BF31C3C00A120A1 /* Debug */ = {
			isa = XCBuildConfiguration;
			buildSettings = {
				ALWAYS_EMBED_SWIFT_STANDARD_LIBRARIES = YES;
				CODE_SIGN_STYLE = Automatic;
				CURRENT_PROJECT_VERSION = 1;
				DEVELOPMENT_TEAM = QKT5DG2WP3;
				GENERATE_INFOPLIST_FILE = YES;
				MARKETING_VERSION = 1.0;
				PRODUCT_BUNDLE_IDENTIFIER = "com.sudang.OLiveYoung-CloneUITests";
				PRODUCT_NAME = "$(TARGET_NAME)";
				SWIFT_EMIT_LOC_STRINGS = NO;
				SWIFT_VERSION = 5.0;
				TARGETED_DEVICE_FAMILY = "1,2";
				TEST_TARGET_NAME = OLiveYoung_Clone;
			};
			name = Debug;
		};
		1D8F200A2BF31C3C00A120A1 /* Release */ = {
			isa = XCBuildConfiguration;
			buildSettings = {
				ALWAYS_EMBED_SWIFT_STANDARD_LIBRARIES = YES;
				CODE_SIGN_STYLE = Automatic;
				CURRENT_PROJECT_VERSION = 1;
				DEVELOPMENT_TEAM = QKT5DG2WP3;
				GENERATE_INFOPLIST_FILE = YES;
				MARKETING_VERSION = 1.0;
				PRODUCT_BUNDLE_IDENTIFIER = "com.sudang.OLiveYoung-CloneUITests";
				PRODUCT_NAME = "$(TARGET_NAME)";
				SWIFT_EMIT_LOC_STRINGS = NO;
				SWIFT_VERSION = 5.0;
				TARGETED_DEVICE_FAMILY = "1,2";
				TEST_TARGET_NAME = OLiveYoung_Clone;
			};
			name = Release;
		};
/* End XCBuildConfiguration section */

/* Begin XCConfigurationList section */
		1D8F1FD32BF31C3B00A120A1 /* Build configuration list for PBXProject "OLiveYoung_Clone" */ = {
			isa = XCConfigurationList;
			buildConfigurations = (
				1D8F20002BF31C3C00A120A1 /* Debug */,
				1D8F20012BF31C3C00A120A1 /* Release */,
			);
			defaultConfigurationIsVisible = 0;
			defaultConfigurationName = Release;
		};
		1D8F20022BF31C3C00A120A1 /* Build configuration list for PBXNativeTarget "OLiveYoung_Clone" */ = {
			isa = XCConfigurationList;
			buildConfigurations = (
				1D8F20032BF31C3C00A120A1 /* Debug */,
				1D8F20042BF31C3C00A120A1 /* Release */,
			);
			defaultConfigurationIsVisible = 0;
			defaultConfigurationName = Release;
		};
		1D8F20052BF31C3C00A120A1 /* Build configuration list for PBXNativeTarget "OLiveYoung_CloneTests" */ = {
			isa = XCConfigurationList;
			buildConfigurations = (
				1D8F20062BF31C3C00A120A1 /* Debug */,
				1D8F20072BF31C3C00A120A1 /* Release */,
			);
			defaultConfigurationIsVisible = 0;
			defaultConfigurationName = Release;
		};
		1D8F20082BF31C3C00A120A1 /* Build configuration list for PBXNativeTarget "OLiveYoung_CloneUITests" */ = {
			isa = XCConfigurationList;
			buildConfigurations = (
				1D8F20092BF31C3C00A120A1 /* Debug */,
				1D8F200A2BF31C3C00A120A1 /* Release */,
			);
			defaultConfigurationIsVisible = 0;
			defaultConfigurationName = Release;
		};
/* End XCConfigurationList section */
	};
	rootObject = 1D8F1FD02BF31C3B00A120A1 /* Project object */;
}
